Microsoft Visual Studio Solution File, Format Version 12.00
# Visual Studio Version 17
VisualStudioVersion = 17.5.2.0
MinimumVisualStudioVersion = 10.0.40219.1
Project("{2150E333-8FDC-42A3-9474-1A3956D46DE8}") = "server", "server", "{DAD03CFC-D5FA-AC94-41C7-9ABAB326F09E}"
EndProject
Project("{FAE04EC0-301F-11D3-BF4B-00C04F79EFBC}") = "FullStackApp.Server", "server\FullStackApp.Server\FullStackApp.Server.csproj", "{D01FB396-85DB-64D1-EBEF-5ACBCBFAC6B0}"
EndProject
Global
	GlobalSection(SolutionConfigurationPlatforms) = preSolution
		Debug|Any CPU = Debug|Any CPU
		Release|Any CPU = Release|Any CPU
	EndGlobalSection
	GlobalSection(ProjectConfigurationPlatforms) = postSolution
		{D01FB396-85DB-64D1-EBEF-5ACBCBFAC6B0}.Debug|Any CPU.ActiveCfg = Debug|Any CPU
		{D01FB396-85DB-64D1-EBEF-5ACBCBFAC6B0}.Debug|Any CPU.Build.0 = Debug|Any CPU
		{D01FB396-85DB-64D1-EBEF-5ACBCBFAC6B0}.Release|Any CPU.ActiveCfg = Release|Any CPU
		{D01FB396-85DB-64D1-EBEF-5ACBCBFAC6B0}.Release|Any CPU.Build.0 = Release|Any CPU
	EndGlobalSection
	GlobalSection(SolutionProperties) = preSolution
		HideSolutionNode = FALSE
	EndGlobalSection
	GlobalSection(NestedProjects) = preSolution
		{D01FB396-85DB-64D1-EBEF-5ACBCBFAC6B0} = {DAD03CFC-D5FA-AC94-41C7-9ABAB326F09E}
	EndGlobalSection
	GlobalSection(ExtensibilityGlobals) = postSolution
		SolutionGuid = {C47EBD21-9AC2-47D8-9C16-7D4055E263B8}
	EndGlobalSection
EndGlobal
